
Microsoft Visual Studio Solution File, Format Version 12.00
Project("{FAE04EC0-301F-11D3-BF4B-00C04F79EFBC}") = "DevQuestions.Domain", "src\DevQuestions.Domain\DevQuestions.Domain.csproj", "{37E3510B-E63A-49B3-8F14-A61C1A96AAAB}"
EndProject
Project("{2150E333-8FDC-42A3-9474-1A3956D46DE8}") = "src", "src", "{7AC3D107-C05F-4969-90E9-9D08A6CD9E90}"
EndProject
Project("{FAE04EC0-301F-11D3-BF4B-00C04F79EFBC}") = "DevQuestions.Web", "src\DevQuestions.Web\DevQuestions.Web.csproj", "{35103D87-D78E-45E4-8EA9-ABF164AF1F2C}"
EndProject
Project("{FAE04EC0-301F-11D3-BF4B-00C04F79EFBC}") = "DevQuestions.Presenters", "src\DevQuestions.Presenters\DevQuestions.Presenters.csproj", "{DABF527B-00D1-423E-8633-ACC96A40CDA9}"
EndProject
Project("{2150E333-8FDC-42A3-9474-1A3956D46DE8}") = "Solution Items", "Solution Items", "{19CA9D29-62B1-4FFA-97E5-7AC310F15D0B}"
	ProjectSection(SolutionItems) = preProject
		Directory.Build.props = Directory.Build.props
		.editorconfig = .editorconfig
	EndProjectSection
EndProject
Project("{FAE04EC0-301F-11D3-BF4B-00C04F79EFBC}") = "DevQuestions.Contracts", "src\DevQuestions.Contracts\DevQuestions.Contracts.csproj", "{BD91E883-82B4-4E16-8250-D552E27F8C70}"
EndProject
Project("{FAE04EC0-301F-11D3-BF4B-00C04F79EFBC}") = "DevQuestions.Application", "src\DevQuestions.Application\DevQuestions.Application.csproj", "{030E0397-7AFE-4648-BB61-0FE73ECF1F44}"
EndProject
Project("{FAE04EC0-301F-11D3-BF4B-00C04F79EFBC}") = "DevQuestions.Infrastructure.Postgresql", "src\DevQuestions.Infrastructure.Postgresql\DevQuestions.Infrastructure.Postgresql.csproj", "{FC457E4F-9A13-4F52-B5D2-046DD7E74139}"
EndProject
Project("{FAE04EC0-301F-11D3-BF4B-00C04F79EFBC}") = "DevQuestions.Infrastructure.ElasticSearch", "src\DevQuestions.Infrastructure.ElasticSearch\DevQuestions.Infrastructure.ElasticSearch.csproj", "{E1306ED0-8674-4663-9907-6FE19C991A1A}"
EndProject
Project("{FAE04EC0-301F-11D3-BF4B-00C04F79EFBC}") = "DevQuestions.Infrastructure.S3", "src\DevQuestions.Infrastructure.S3\DevQuestions.Infrastructure.S3.csproj", "{6EBDC28B-D473-4BD8-A50E-B8D62E3C3D3A}"
EndProject
Project("{FAE04EC0-301F-11D3-BF4B-00C04F79EFBC}") = "Shared", "src\Shared\Shared.csproj", "{D5B251BD-B5FC-4F6E-B54E-E8EE22018ED0}"
EndProject
Global
	GlobalSection(SolutionConfigurationPlatforms) = preSolution
		Debug|Any CPU = Debug|Any CPU
		Release|Any CPU = Release|Any CPU
	EndGlobalSection
	GlobalSection(ProjectConfigurationPlatforms) = postSolution
		{37E3510B-E63A-49B3-8F14-A61C1A96AAAB}.Debug|Any CPU.ActiveCfg = Debug|Any CPU
		{37E3510B-E63A-49B3-8F14-A61C1A96AAAB}.Debug|Any CPU.Build.0 = Debug|Any CPU
		{37E3510B-E63A-49B3-8F14-A61C1A96AAAB}.Release|Any CPU.ActiveCfg = Release|Any CPU
		{37E3510B-E63A-49B3-8F14-A61C1A96AAAB}.Release|Any CPU.Build.0 = Release|Any CPU
		{35103D87-D78E-45E4-8EA9-ABF164AF1F2C}.Debug|Any CPU.ActiveCfg = Debug|Any CPU
		{35103D87-D78E-45E4-8EA9-ABF164AF1F2C}.Debug|Any CPU.Build.0 = Debug|Any CPU
		{35103D87-D78E-45E4-8EA9-ABF164AF1F2C}.Release|Any CPU.ActiveCfg = Release|Any CPU
		{35103D87-D78E-45E4-8EA9-ABF164AF1F2C}.Release|Any CPU.Build.0 = Release|Any CPU
		{DABF527B-00D1-423E-8633-ACC96A40CDA9}.Debug|Any CPU.ActiveCfg = Debug|Any CPU
		{DABF527B-00D1-423E-8633-ACC96A40CDA9}.Debug|Any CPU.Build.0 = Debug|Any CPU
		{DABF527B-00D1-423E-8633-ACC96A40CDA9}.Release|Any CPU.ActiveCfg = Release|Any CPU
		{DABF527B-00D1-423E-8633-ACC96A40CDA9}.Release|Any CPU.Build.0 = Release|Any CPU
		{BD91E883-82B4-4E16-8250-D552E27F8C70}.Debug|Any CPU.ActiveCfg = Debug|Any CPU
		{BD91E883-82B4-4E16-8250-D552E27F8C70}.Debug|Any CPU.Build.0 = Debug|Any CPU
		{BD91E883-82B4-4E16-8250-D552E27F8C70}.Release|Any CPU.ActiveCfg = Release|Any CPU
		{BD91E883-82B4-4E16-8250-D552E27F8C70}.Release|Any CPU.Build.0 = Release|Any CPU
		{030E0397-7AFE-4648-BB61-0FE73ECF1F44}.Debug|Any CPU.ActiveCfg = Debug|Any CPU
		{030E0397-7AFE-4648-BB61-0FE73ECF1F44}.Debug|Any CPU.Build.0 = Debug|Any CPU
		{030E0397-7AFE-4648-BB61-0FE73ECF1F44}.Release|Any CPU.ActiveCfg = Release|Any CPU
		{030E0397-7AFE-4648-BB61-0FE73ECF1F44}.Release|Any CPU.Build.0 = Release|Any CPU
		{FC457E4F-9A13-4F52-B5D2-046DD7E74139}.Debug|Any CPU.ActiveCfg = Debug|Any CPU
		{FC457E4F-9A13-4F52-B5D2-046DD7E74139}.Debug|Any CPU.Build.0 = Debug|Any CPU
		{FC457E4F-9A13-4F52-B5D2-046DD7E74139}.Release|Any CPU.ActiveCfg = Release|Any CPU
		{FC457E4F-9A13-4F52-B5D2-046DD7E74139}.Release|Any CPU.Build.0 = Release|Any CPU
		{E1306ED0-8674-4663-9907-6FE19C991A1A}.Debug|Any CPU.ActiveCfg = Debug|Any CPU
		{E1306ED0-8674-4663-9907-6FE19C991A1A}.Debug|Any CPU.Build.0 = Debug|Any CPU
		{E1306ED0-8674-4663-9907-6FE19C991A1A}.Release|Any CPU.ActiveCfg = Release|Any CPU
		{E1306ED0-8674-4663-9907-6FE19C991A1A}.Release|Any CPU.Build.0 = Release|Any CPU
		{6EBDC28B-D473-4BD8-A50E-B8D62E3C3D3A}.Debug|Any CPU.ActiveCfg = Debug|Any CPU
		{6EBDC28B-D473-4BD8-A50E-B8D62E3C3D3A}.Debug|Any CPU.Build.0 = Debug|Any CPU
		{6EBDC28B-D473-4BD8-A50E-B8D62E3C3D3A}.Release|Any CPU.ActiveCfg = Release|Any CPU
		{6EBDC28B-D473-4BD8-A50E-B8D62E3C3D3A}.Release|Any CPU.Build.0 = Release|Any CPU
		{D5B251BD-B5FC-4F6E-B54E-E8EE22018ED0}.Debug|Any CPU.ActiveCfg = Debug|Any CPU
		{D5B251BD-B5FC-4F6E-B54E-E8EE22018ED0}.Debug|Any CPU.Build.0 = Debug|Any CPU
		{D5B251BD-B5FC-4F6E-B54E-E8EE22018ED0}.Release|Any CPU.ActiveCfg = Release|Any CPU
		{D5B251BD-B5FC-4F6E-B54E-E8EE22018ED0}.Release|Any CPU.Build.0 = Release|Any CPU
	EndGlobalSection
	GlobalSection(NestedProjects) = preSolution
		{37E3510B-E63A-49B3-8F14-A61C1A96AAAB} = {7AC3D107-C05F-4969-90E9-9D08A6CD9E90}
		{35103D87-D78E-45E4-8EA9-ABF164AF1F2C} = {7AC3D107-C05F-4969-90E9-9D08A6CD9E90}
		{DABF527B-00D1-423E-8633-ACC96A40CDA9} = {7AC3D107-C05F-4969-90E9-9D08A6CD9E90}
		{BD91E883-82B4-4E16-8250-D552E27F8C70} = {7AC3D107-C05F-4969-90E9-9D08A6CD9E90}
		{030E0397-7AFE-4648-BB61-0FE73ECF1F44} = {7AC3D107-C05F-4969-90E9-9D08A6CD9E90}
		{FC457E4F-9A13-4F52-B5D2-046DD7E74139} = {7AC3D107-C05F-4969-90E9-9D08A6CD9E90}
		{E1306ED0-8674-4663-9907-6FE19C991A1A} = {7AC3D107-C05F-4969-90E9-9D08A6CD9E90}
		{6EBDC28B-D473-4BD8-A50E-B8D62E3C3D3A} = {7AC3D107-C05F-4969-90E9-9D08A6CD9E90}
		{D5B251BD-B5FC-4F6E-B54E-E8EE22018ED0} = {7AC3D107-C05F-4969-90E9-9D08A6CD9E90}
	EndGlobalSection
EndGlobal
