
Microsoft Visual Studio Solution File, Format Version 12.00
Project("{2150E333-8FDC-42A3-9474-1A3956D46DE8}") = "src", "src", "{7AC3D107-C05F-4969-90E9-9D08A6CD9E90}"
EndProject
Project("{FAE04EC0-301F-11D3-BF4B-00C04F79EFBC}") = "Web", "src\Web\Web.csproj", "{35103D87-D78E-45E4-8EA9-ABF164AF1F2C}"
EndProject
Project("{2150E333-8FDC-42A3-9474-1A3956D46DE8}") = "Solution Items", "Solution Items", "{19CA9D29-62B1-4FFA-97E5-7AC310F15D0B}"
	ProjectSection(SolutionItems) = preProject
		Directory.Build.props = Directory.Build.props
		.editorconfig = .editorconfig
	EndProjectSection
EndProject
Project("{2150E333-8FDC-42A3-9474-1A3956D46DE8}") = "Questions", "Questions", "{BF763103-FF62-4CE5-A5DA-C506A2C4DE26}"
EndProject
Project("{2150E333-8FDC-42A3-9474-1A3956D46DE8}") = "Tags", "Tags", "{D49AAE08-7DE5-4C78-867A-5BCC4479EC99}"
EndProject
Project("{FAE04EC0-301F-11D3-BF4B-00C04F79EFBC}") = "Questions.Domain", "src\Questions\Questions.Domain\Questions.Domain.csproj", "{C9D24AB9-8323-4D43-85C9-6D9F4DDF853C}"
EndProject
Project("{FAE04EC0-301F-11D3-BF4B-00C04F79EFBC}") = "Questions.Application", "src\Questions\Questions.Application\Questions.Application.csproj", "{1A9D9C80-F745-4CC1-9077-FACB3DE3A699}"
EndProject
Project("{FAE04EC0-301F-11D3-BF4B-00C04F79EFBC}") = "Questions.Presenters", "src\Questions\Questions.Presenters\Questions.Presenters.csproj", "{50E34900-FD78-4956-BB9E-B98C3D75383E}"
EndProject
Project("{FAE04EC0-301F-11D3-BF4B-00C04F79EFBC}") = "Questions.Infrastructure.Postgres", "src\Questions\Questions.Infrastructure.Postgres\Questions.Infrastructure.Postgres.csproj", "{E75B7200-039C-4DEA-84E8-7987E7605C4C}"
EndProject
Project("{FAE04EC0-301F-11D3-BF4B-00C04F79EFBC}") = "Questions.Contracts", "src\Questions\Questions.Contracts\Questions.Contracts.csproj", "{CF52063A-7678-438D-A874-45EF343BCA33}"
EndProject
Project("{2150E333-8FDC-42A3-9474-1A3956D46DE8}") = "Core", "Core", "{1FEF66B7-CDA2-4F49-B976-31056C36553F}"
EndProject
Project("{2150E333-8FDC-42A3-9474-1A3956D46DE8}") = "Comments", "Comments", "{A3B1CBF2-4C27-4720-BF67-6E590A7DF26E}"
EndProject
Project("{2150E333-8FDC-42A3-9474-1A3956D46DE8}") = "Infrastructure", "Infrastructure", "{6D58DDDC-B659-45C8-8A9C-B6FE24DB7A2F}"
EndProject
Project("{FAE04EC0-301F-11D3-BF4B-00C04F79EFBC}") = "Infrastructure.ElasticSearch", "src\Core\Infrastructure\Infrastructure.ElasticSearch\Infrastructure.ElasticSearch.csproj", "{0400B9E4-4176-462F-B192-28DF45F259B7}"
EndProject
Project("{FAE04EC0-301F-11D3-BF4B-00C04F79EFBC}") = "Infrastructure.S3", "src\Core\Infrastructure\Infrastructure.S3\Infrastructure.S3.csproj", "{863BEBD9-49E1-4777-ADDE-32CABCCE5067}"
EndProject
Project("{FAE04EC0-301F-11D3-BF4B-00C04F79EFBC}") = "Shared", "src\Core\Shared\Shared.csproj", "{40BC4894-C576-4949-9E81-40BC07C68034}"
EndProject
Project("{2150E333-8FDC-42A3-9474-1A3956D46DE8}") = "Reports", "Reports", "{F9ABE179-495C-4B46-AFCE-25443DAC806C}"
EndProject
Project("{FAE04EC0-301F-11D3-BF4B-00C04F79EFBC}") = "Tags", "src\Tags\Tags\Tags.csproj", "{42167431-7826-4B17-BE84-CCD8452852D4}"
EndProject
Project("{FAE04EC0-301F-11D3-BF4B-00C04F79EFBC}") = "Framework", "src\Core\Framework\Framework.csproj", "{BEA6CE42-5741-42D2-B167-2D84592875B8}"
EndProject
Project("{FAE04EC0-301F-11D3-BF4B-00C04F79EFBC}") = "Comments", "src\Comments\Comments\Comments.csproj", "{FF2B512F-4AE1-45C9-B08A-1F389FC62D5D}"
EndProject
Project("{FAE04EC0-301F-11D3-BF4B-00C04F79EFBC}") = "Tags.Contracts", "src\Tags\Tags.Contracts\Tags.Contracts.csproj", "{07064EF4-50FB-41BC-A38A-F2E33DB1F40D}"
EndProject
Project("{FAE04EC0-301F-11D3-BF4B-00C04F79EFBC}") = "Tags.Presenters", "src\Tags\Tags.Presenters\Tags.Presenters.csproj", "{342FD8CD-7ECA-4479-80B0-F2EC130F8FC8}"
EndProject
Project("{FAE04EC0-301F-11D3-BF4B-00C04F79EFBC}") = "Reports", "src\Reports\Reports\Reports.csproj", "{8FA64F3F-61AA-43A9-8596-E7D24A2BC064}"
EndProject
Global
	GlobalSection(SolutionConfigurationPlatforms) = preSolution
		Debug|Any CPU = Debug|Any CPU
		Release|Any CPU = Release|Any CPU
	EndGlobalSection
	GlobalSection(ProjectConfigurationPlatforms) = postSolution
		{35103D87-D78E-45E4-8EA9-ABF164AF1F2C}.Debug|Any CPU.ActiveCfg = Debug|Any CPU
		{35103D87-D78E-45E4-8EA9-ABF164AF1F2C}.Debug|Any CPU.Build.0 = Debug|Any CPU
		{35103D87-D78E-45E4-8EA9-ABF164AF1F2C}.Release|Any CPU.ActiveCfg = Release|Any CPU
		{35103D87-D78E-45E4-8EA9-ABF164AF1F2C}.Release|Any CPU.Build.0 = Release|Any CPU
		{C9D24AB9-8323-4D43-85C9-6D9F4DDF853C}.Debug|Any CPU.ActiveCfg = Debug|Any CPU
		{C9D24AB9-8323-4D43-85C9-6D9F4DDF853C}.Debug|Any CPU.Build.0 = Debug|Any CPU
		{C9D24AB9-8323-4D43-85C9-6D9F4DDF853C}.Release|Any CPU.ActiveCfg = Release|Any CPU
		{C9D24AB9-8323-4D43-85C9-6D9F4DDF853C}.Release|Any CPU.Build.0 = Release|Any CPU
		{1A9D9C80-F745-4CC1-9077-FACB3DE3A699}.Debug|Any CPU.ActiveCfg = Debug|Any CPU
		{1A9D9C80-F745-4CC1-9077-FACB3DE3A699}.Debug|Any CPU.Build.0 = Debug|Any CPU
		{1A9D9C80-F745-4CC1-9077-FACB3DE3A699}.Release|Any CPU.ActiveCfg = Release|Any CPU
		{1A9D9C80-F745-4CC1-9077-FACB3DE3A699}.Release|Any CPU.Build.0 = Release|Any CPU
		{50E34900-FD78-4956-BB9E-B98C3D75383E}.Debug|Any CPU.ActiveCfg = Debug|Any CPU
		{50E34900-FD78-4956-BB9E-B98C3D75383E}.Debug|Any CPU.Build.0 = Debug|Any CPU
		{50E34900-FD78-4956-BB9E-B98C3D75383E}.Release|Any CPU.ActiveCfg = Release|Any CPU
		{50E34900-FD78-4956-BB9E-B98C3D75383E}.Release|Any CPU.Build.0 = Release|Any CPU
		{E75B7200-039C-4DEA-84E8-7987E7605C4C}.Debug|Any CPU.ActiveCfg = Debug|Any CPU
		{E75B7200-039C-4DEA-84E8-7987E7605C4C}.Debug|Any CPU.Build.0 = Debug|Any CPU
		{E75B7200-039C-4DEA-84E8-7987E7605C4C}.Release|Any CPU.ActiveCfg = Release|Any CPU
		{E75B7200-039C-4DEA-84E8-7987E7605C4C}.Release|Any CPU.Build.0 = Release|Any CPU
		{CF52063A-7678-438D-A874-45EF343BCA33}.Debug|Any CPU.ActiveCfg = Debug|Any CPU
		{CF52063A-7678-438D-A874-45EF343BCA33}.Debug|Any CPU.Build.0 = Debug|Any CPU
		{CF52063A-7678-438D-A874-45EF343BCA33}.Release|Any CPU.ActiveCfg = Release|Any CPU
		{CF52063A-7678-438D-A874-45EF343BCA33}.Release|Any CPU.Build.0 = Release|Any CPU
		{0400B9E4-4176-462F-B192-28DF45F259B7}.Debug|Any CPU.ActiveCfg = Debug|Any CPU
		{0400B9E4-4176-462F-B192-28DF45F259B7}.Debug|Any CPU.Build.0 = Debug|Any CPU
		{0400B9E4-4176-462F-B192-28DF45F259B7}.Release|Any CPU.ActiveCfg = Release|Any CPU
		{0400B9E4-4176-462F-B192-28DF45F259B7}.Release|Any CPU.Build.0 = Release|Any CPU
		{863BEBD9-49E1-4777-ADDE-32CABCCE5067}.Debug|Any CPU.ActiveCfg = Debug|Any CPU
		{863BEBD9-49E1-4777-ADDE-32CABCCE5067}.Debug|Any CPU.Build.0 = Debug|Any CPU
		{863BEBD9-49E1-4777-ADDE-32CABCCE5067}.Release|Any CPU.ActiveCfg = Release|Any CPU
		{863BEBD9-49E1-4777-ADDE-32CABCCE5067}.Release|Any CPU.Build.0 = Release|Any CPU
		{40BC4894-C576-4949-9E81-40BC07C68034}.Debug|Any CPU.ActiveCfg = Debug|Any CPU
		{40BC4894-C576-4949-9E81-40BC07C68034}.Debug|Any CPU.Build.0 = Debug|Any CPU
		{40BC4894-C576-4949-9E81-40BC07C68034}.Release|Any CPU.ActiveCfg = Release|Any CPU
		{40BC4894-C576-4949-9E81-40BC07C68034}.Release|Any CPU.Build.0 = Release|Any CPU
		{42167431-7826-4B17-BE84-CCD8452852D4}.Debug|Any CPU.ActiveCfg = Debug|Any CPU
		{42167431-7826-4B17-BE84-CCD8452852D4}.Debug|Any CPU.Build.0 = Debug|Any CPU
		{42167431-7826-4B17-BE84-CCD8452852D4}.Release|Any CPU.ActiveCfg = Release|Any CPU
		{42167431-7826-4B17-BE84-CCD8452852D4}.Release|Any CPU.Build.0 = Release|Any CPU
		{BEA6CE42-5741-42D2-B167-2D84592875B8}.Debug|Any CPU.ActiveCfg = Debug|Any CPU
		{BEA6CE42-5741-42D2-B167-2D84592875B8}.Debug|Any CPU.Build.0 = Debug|Any CPU
		{BEA6CE42-5741-42D2-B167-2D84592875B8}.Release|Any CPU.ActiveCfg = Release|Any CPU
		{BEA6CE42-5741-42D2-B167-2D84592875B8}.Release|Any CPU.Build.0 = Release|Any CPU
		{FF2B512F-4AE1-45C9-B08A-1F389FC62D5D}.Debug|Any CPU.ActiveCfg = Debug|Any CPU
		{FF2B512F-4AE1-45C9-B08A-1F389FC62D5D}.Debug|Any CPU.Build.0 = Debug|Any CPU
		{FF2B512F-4AE1-45C9-B08A-1F389FC62D5D}.Release|Any CPU.ActiveCfg = Release|Any CPU
		{FF2B512F-4AE1-45C9-B08A-1F389FC62D5D}.Release|Any CPU.Build.0 = Release|Any CPU
		{07064EF4-50FB-41BC-A38A-F2E33DB1F40D}.Debug|Any CPU.ActiveCfg = Debug|Any CPU
		{07064EF4-50FB-41BC-A38A-F2E33DB1F40D}.Debug|Any CPU.Build.0 = Debug|Any CPU
		{07064EF4-50FB-41BC-A38A-F2E33DB1F40D}.Release|Any CPU.ActiveCfg = Release|Any CPU
		{07064EF4-50FB-41BC-A38A-F2E33DB1F40D}.Release|Any CPU.Build.0 = Release|Any CPU
		{342FD8CD-7ECA-4479-80B0-F2EC130F8FC8}.Debug|Any CPU.ActiveCfg = Debug|Any CPU
		{342FD8CD-7ECA-4479-80B0-F2EC130F8FC8}.Debug|Any CPU.Build.0 = Debug|Any CPU
		{342FD8CD-7ECA-4479-80B0-F2EC130F8FC8}.Release|Any CPU.ActiveCfg = Release|Any CPU
		{342FD8CD-7ECA-4479-80B0-F2EC130F8FC8}.Release|Any CPU.Build.0 = Release|Any CPU
		{8FA64F3F-61AA-43A9-8596-E7D24A2BC064}.Debug|Any CPU.ActiveCfg = Debug|Any CPU
		{8FA64F3F-61AA-43A9-8596-E7D24A2BC064}.Debug|Any CPU.Build.0 = Debug|Any CPU
		{8FA64F3F-61AA-43A9-8596-E7D24A2BC064}.Release|Any CPU.ActiveCfg = Release|Any CPU
		{8FA64F3F-61AA-43A9-8596-E7D24A2BC064}.Release|Any CPU.Build.0 = Release|Any CPU
	EndGlobalSection
	GlobalSection(NestedProjects) = preSolution
		{35103D87-D78E-45E4-8EA9-ABF164AF1F2C} = {7AC3D107-C05F-4969-90E9-9D08A6CD9E90}
		{BF763103-FF62-4CE5-A5DA-C506A2C4DE26} = {7AC3D107-C05F-4969-90E9-9D08A6CD9E90}
		{D49AAE08-7DE5-4C78-867A-5BCC4479EC99} = {7AC3D107-C05F-4969-90E9-9D08A6CD9E90}
		{C9D24AB9-8323-4D43-85C9-6D9F4DDF853C} = {BF763103-FF62-4CE5-A5DA-C506A2C4DE26}
		{1A9D9C80-F745-4CC1-9077-FACB3DE3A699} = {BF763103-FF62-4CE5-A5DA-C506A2C4DE26}
		{50E34900-FD78-4956-BB9E-B98C3D75383E} = {BF763103-FF62-4CE5-A5DA-C506A2C4DE26}
		{E75B7200-039C-4DEA-84E8-7987E7605C4C} = {BF763103-FF62-4CE5-A5DA-C506A2C4DE26}
		{CF52063A-7678-438D-A874-45EF343BCA33} = {BF763103-FF62-4CE5-A5DA-C506A2C4DE26}
		{1FEF66B7-CDA2-4F49-B976-31056C36553F} = {7AC3D107-C05F-4969-90E9-9D08A6CD9E90}
		{A3B1CBF2-4C27-4720-BF67-6E590A7DF26E} = {7AC3D107-C05F-4969-90E9-9D08A6CD9E90}
		{6D58DDDC-B659-45C8-8A9C-B6FE24DB7A2F} = {1FEF66B7-CDA2-4F49-B976-31056C36553F}
		{0400B9E4-4176-462F-B192-28DF45F259B7} = {6D58DDDC-B659-45C8-8A9C-B6FE24DB7A2F}
		{863BEBD9-49E1-4777-ADDE-32CABCCE5067} = {6D58DDDC-B659-45C8-8A9C-B6FE24DB7A2F}
		{40BC4894-C576-4949-9E81-40BC07C68034} = {1FEF66B7-CDA2-4F49-B976-31056C36553F}
		{F9ABE179-495C-4B46-AFCE-25443DAC806C} = {7AC3D107-C05F-4969-90E9-9D08A6CD9E90}
		{42167431-7826-4B17-BE84-CCD8452852D4} = {D49AAE08-7DE5-4C78-867A-5BCC4479EC99}
		{BEA6CE42-5741-42D2-B167-2D84592875B8} = {1FEF66B7-CDA2-4F49-B976-31056C36553F}
		{FF2B512F-4AE1-45C9-B08A-1F389FC62D5D} = {A3B1CBF2-4C27-4720-BF67-6E590A7DF26E}
		{07064EF4-50FB-41BC-A38A-F2E33DB1F40D} = {D49AAE08-7DE5-4C78-867A-5BCC4479EC99}
		{342FD8CD-7ECA-4479-80B0-F2EC130F8FC8} = {D49AAE08-7DE5-4C78-867A-5BCC4479EC99}
		{8FA64F3F-61AA-43A9-8596-E7D24A2BC064} = {F9ABE179-495C-4B46-AFCE-25443DAC806C}
	EndGlobalSection
EndGlobal
