
Microsoft Visual Studio Solution File, Format Version 12.00
Project("{FAE04EC0-301F-11D3-BF4B-00C04F79EFBC}") = "DevQuestions.Domain", "src\DevQuestions.Domain\DevQuestions.Domain.csproj", "{37E3510B-E63A-49B3-8F14-A61C1A96AAAB}"
EndProject
Project("{2150E333-8FDC-42A3-9474-1A3956D46DE8}") = "src", "src", "{7AC3D107-C05F-4969-90E9-9D08A6CD9E90}"
EndProject
Global
	GlobalSection(SolutionConfigurationPlatforms) = preSolution
		Debug|Any CPU = Debug|Any CPU
		Release|Any CPU = Release|Any CPU
	EndGlobalSection
	GlobalSection(ProjectConfigurationPlatforms) = postSolution
		{37E3510B-E63A-49B3-8F14-A61C1A96AAAB}.Debug|Any CPU.ActiveCfg = Debug|Any CPU
		{37E3510B-E63A-49B3-8F14-A61C1A96AAAB}.Debug|Any CPU.Build.0 = Debug|Any CPU
		{37E3510B-E63A-49B3-8F14-A61C1A96AAAB}.Release|Any CPU.ActiveCfg = Release|Any CPU
		{37E3510B-E63A-49B3-8F14-A61C1A96AAAB}.Release|Any CPU.Build.0 = Release|Any CPU
	EndGlobalSection
	GlobalSection(NestedProjects) = preSolution
		{37E3510B-E63A-49B3-8F14-A61C1A96AAAB} = {7AC3D107-C05F-4969-90E9-9D08A6CD9E90}
	EndGlobalSection
EndGlobal
